<?xml version="1.0" encoding="utf-8"?>
<Project ToolsVersion="4.0" xmlns="http://schemas.microsoft.com/developer/msbuild/2003">
  <ItemGroup>
    <Filter Include="Source Files">
      <UniqueIdentifier>{4FC737F1-C7A5-4376-A066-2A32D752A2FF}</UniqueIdentifier>
      <Extensions>cpp;c;cc;cxx;c++;cppm;ixx;def;odl;idl;hpj;bat;asm;asmx</Extensions>
    </Filter>
    <Filter Include="Header Files">
      <UniqueIdentifier>{93995380-89BD-4b04-88EB-625FBE52EBFB}</UniqueIdentifier>
      <Extensions>h;hh;hpp;hxx;h++;hm;inl;inc;ipp;xsd</Extensions>
    </Filter>
    <Filter Include="Resource Files">
      <UniqueIdentifier>{67DA6AB6-F800-4c08-8B7A-83BB121AAD01}</UniqueIdentifier>
      <Extensions>rc;ico;cur;bmp;dlg;rc2;rct;bin;rgs;gif;jpg;jpeg;jpe;resx;tiff;tif;png;wav;mfcribbon-ms</Extensions>
    </Filter>
    <Filter Include="1-Creating_a_window">
      <UniqueIdentifier>{99767e55-0168-47bd-8ae1-9ca71470f509}</UniqueIdentifier>
    </Filter>
    <Filter Include="2-Hello_window">
      <UniqueIdentifier>{b0d67ad3-f05a-4a82-89d3-1da490879e50}</UniqueIdentifier>
    </Filter>
    <Filter Include="3-Hello_triangle">
      <UniqueIdentifier>{cbb0ab74-abbe-4a20-b2e4-c953b52fb569}</UniqueIdentifier>
    </Filter>
  </ItemGroup>
  <ItemGroup>
    <ClCompile Include="main.cpp">
      <Filter>Source Files</Filter>
    </ClCompile>
    <ClCompile Include="1-Creating_a_window\createWindow.cpp">
      <Filter>1-Creating_a_window</Filter>
    </ClCompile>
    <ClCompile Include="2-Hello_window\helloWindow.cpp">
      <Filter>2-Hello_window</Filter>
    </ClCompile>
    <ClCompile Include="3-Hello_triangle\helloTriangle.cpp">
      <Filter>3-Hello_triangle</Filter>
    </ClCompile>
    <ClCompile Include="3-Hello_triangle\exercise3_3.cpp">
      <Filter>3-Hello_triangle</Filter>
    </ClCompile>
    <ClCompile Include="..\sharedSource\glad.c">
      <Filter>Source Files</Filter>
    </ClCompile>
  </ItemGroup>
  <ItemGroup>
    <ClInclude Include="1-Creating_a_window\createWindow.hpp">
      <Filter>Header Files</Filter>
    </ClInclude>
    <ClInclude Include="2-Hello_window\helloWindow.hpp">
      <Filter>Header Files</Filter>
    </ClInclude>
    <ClInclude Include="3-Hello_triangle\helloTriangle.hpp">
      <Filter>Header Files</Filter>
    </ClInclude>
  </ItemGroup>
</Project>